
Microsoft Visual Studio Solution File, Format Version 12.00
# Visual Studio Version 17
VisualStudioVersion = 17.14.36616.10 d17.14
MinimumVisualStudioVersion = 10.0.40219.1
Project("{FAE04EC0-301F-11D3-BF4B-00C04F79EFBC}") = "Gestion_Lockers", "Gestion_Lockers\Gestion_Lockers.csproj", "{60A9AE11-61A0-4E70-9887-CE1587ABD7EE}"
EndProject
Global
	GlobalSection(SolutionConfigurationPlatforms) = preSolution
		Debug|Any CPU = Debug|Any CPU
		Release|Any CPU = Release|Any CPU
	EndGlobalSection
	GlobalSection(ProjectConfigurationPlatforms) = postSolution
		{60A9AE11-61A0-4E70-9887-CE1587ABD7EE}.Debug|Any CPU.ActiveCfg = Debug|Any CPU
		{60A9AE11-61A0-4E70-9887-CE1587ABD7EE}.Debug|Any CPU.Build.0 = Debug|Any CPU
		{60A9AE11-61A0-4E70-9887-CE1587ABD7EE}.Release|Any CPU.ActiveCfg = Release|Any CPU
		{60A9AE11-61A0-4E70-9887-CE1587ABD7EE}.Release|Any CPU.Build.0 = Release|Any CPU
	EndGlobalSection
	GlobalSection(SolutionProperties) = preSolution
		HideSolutionNode = FALSE
	EndGlobalSection
	GlobalSection(ExtensibilityGlobals) = postSolution
		SolutionGuid = {4ABD1368-F0D3-4962-BF0A-AE4DFF8DA574}
	EndGlobalSection
EndGlobal
